
Microsoft Visual Studio Solution File, Format Version 12.00
# Visual Studio Version 16
VisualStudioVersion = 16.0.31410.357
MinimumVisualStudioVersion = 10.0.40219.1
Project("{9A19103F-16F7-4668-BE54-9A1E7A4F7556}") = "iSpyMatchmaker", "iSpyMatchmaker.csproj", "{1ED67443-921F-4E35-AFC8-EA401AE88D2B}"
EndProject
Global
	GlobalSection(SolutionConfigurationPlatforms) = preSolution
		Debug|Any CPU = Debug|Any CPU
		Release|Any CPU = Release|Any CPU
	EndGlobalSection
	GlobalSection(ProjectConfigurationPlatforms) = postSolution
		{1ED67443-921F-4E35-AFC8-EA401AE88D2B}.Debug|Any CPU.ActiveCfg = Debug|Any CPU
		{1ED67443-921F-4E35-AFC8-EA401AE88D2B}.Debug|Any CPU.Build.0 = Debug|Any CPU
		{1ED67443-921F-4E35-AFC8-EA401AE88D2B}.Release|Any CPU.ActiveCfg = Release|Any CPU
		{1ED67443-921F-4E35-AFC8-EA401AE88D2B}.Release|Any CPU.Build.0 = Release|Any CPU
	EndGlobalSection
	GlobalSection(SolutionProperties) = preSolution
		HideSolutionNode = FALSE
	EndGlobalSection
	GlobalSection(ExtensibilityGlobals) = postSolution
		SolutionGuid = {3B8713F8-E6C2-4F57-B1CF-2659E611378F}
	EndGlobalSection
EndGlobal
